// !$*UTF8*$!
{
	archiveVersion = 1;
	classes = {
	};
	objectVersion = 46;
	objects = {

/* Begin PBXBuildFile section */
		C21DC78F1825CD4A0051F8DB /* MYSTestClass.m in Sources */ = {isa = PBXBuildFile; fileRef = C21DC78E1825CD4A0051F8DB /* MYSTestClass.m */; };
		C230F154182557B200463B0A /* Foundation.framework in Frameworks */ = {isa = PBXBuildFile; fileRef = C230F153182557B200463B0A /* Foundation.framework */; };
		C230F159182557B200463B0A /* MYSRuntime.h in CopyFiles */ = {isa = PBXBuildFile; fileRef = C230F158182557B200463B0A /* MYSRuntime.h */; };
		C230F162182557B200463B0A /* XCTest.framework in Frameworks */ = {isa = PBXBuildFile; fileRef = C230F161182557B200463B0A /* XCTest.framework */; };
		C230F163182557B300463B0A /* Foundation.framework in Frameworks */ = {isa = PBXBuildFile; fileRef = C230F153182557B200463B0A /* Foundation.framework */; };
		C230F168182557B300463B0A /* libMYSRuntime.a in Frameworks */ = {isa = PBXBuildFile; fileRef = C230F150182557B200463B0A /* libMYSRuntime.a */; };
		C230F16E182557B300463B0A /* InfoPlist.strings in Resources */ = {isa = PBXBuildFile; fileRef = C230F16C182557B300463B0A /* InfoPlist.strings */; };
		C230F17D182557C000463B0A /* MYSClass.m in Sources */ = {isa = PBXBuildFile; fileRef = C230F17A182557C000463B0A /* MYSClass.m */; };
		C230F17E182557C000463B0A /* MYSProperty.m in Sources */ = {isa = PBXBuildFile; fileRef = C230F17C182557C000463B0A /* MYSProperty.m */; };
		C230F18118255ACC00463B0A /* MYSMethod.m in Sources */ = {isa = PBXBuildFile; fileRef = C230F18018255ACC00463B0A /* MYSMethod.m */; };
		C255E52B18333920000591C4 /* MYSIvarTests.m in Sources */ = {isa = PBXBuildFile; fileRef = C255E52A18333920000591C4 /* MYSIvarTests.m */; };
		C255E52D18333C8F000591C4 /* MYSTypeTests.m in Sources */ = {isa = PBXBuildFile; fileRef = C255E52C18333C8F000591C4 /* MYSTypeTests.m */; };
		C25DF810182592930020D4C5 /* MYSPropertyTests.m in Sources */ = {isa = PBXBuildFile; fileRef = C25DF80F182592930020D4C5 /* MYSPropertyTests.m */; };
		C25DF8141825C9D20020D4C5 /* CTBlockDescription.m in Sources */ = {isa = PBXBuildFile; fileRef = C25DF8131825C9D20020D4C5 /* CTBlockDescription.m */; };
		C25DF8161825CCDE0020D4C5 /* MYSClassTests.m in Sources */ = {isa = PBXBuildFile; fileRef = C25DF8151825CCDE0020D4C5 /* MYSClassTests.m */; };
		C26CCF351833189D0010C535 /* MYSIvar.m in Sources */ = {isa = PBXBuildFile; fileRef = C26CCF341833189D0010C535 /* MYSIvar.m */; };
		C26CCF38183320DA0010C535 /* MYSType.m in Sources */ = {isa = PBXBuildFile; fileRef = C26CCF37183320DA0010C535 /* MYSType.m */; };
/* End PBXBuildFile section */

/* Begin PBXContainerItemProxy section */
		C230F166182557B300463B0A /* PBXContainerItemProxy */ = {
			isa = PBXContainerItemProxy;
			containerPortal = C230F148182557B200463B0A /* Project object */;
			proxyType = 1;
			remoteGlobalIDString = C230F14F182557B200463B0A;
			remoteInfo = MYSRuntime;
		};
/* End PBXContainerItemProxy section */

/* Begin PBXCopyFilesBuildPhase section */
		C230F14E182557B200463B0A /* CopyFiles */ = {
			isa = PBXCopyFilesBuildPhase;
			buildActionMask = 2147483647;
			dstPath = "include/$(PRODUCT_NAME)";
			dstSubfolderSpec = 16;
			files = (
				C230F159182557B200463B0A /* MYSRuntime.h in CopyFiles */,
			);
			runOnlyForDeploymentPostprocessing = 0;
		};
/* End PBXCopyFilesBuildPhase section */

/* Begin PBXFileReference section */
		C21DC78D1825CD4A0051F8DB /* MYSTestClass.h */ = {isa = PBXFileReference; fileEncoding = 4; lastKnownFileType = sourcecode.c.h; path = MYSTestClass.h; sourceTree = "<group>"; };
		C21DC78E1825CD4A0051F8DB /* MYSTestClass.m */ = {isa = PBXFileReference; fileEncoding = 4; lastKnownFileType = sourcecode.c.objc; path = MYSTestClass.m; sourceTree = "<group>"; };
		C230F150182557B200463B0A /* libMYSRuntime.a */ = {isa = PBXFileReference; explicitFileType = archive.ar; includeInIndex = 0; path = libMYSRuntime.a; sourceTree = BUILT_PRODUCTS_DIR; };
		C230F153182557B200463B0A /* Foundation.framework */ = {isa = PBXFileReference; lastKnownFileType = wrapper.framework; name = Foundation.framework; path = System/Library/Frameworks/Foundation.framework; sourceTree = SDKROOT; };
		C230F157182557B200463B0A /* MYSRuntime-Prefix.pch */ = {isa = PBXFileReference; lastKnownFileType = sourcecode.c.h; path = "MYSRuntime-Prefix.pch"; sourceTree = "<group>"; };
		C230F158182557B200463B0A /* MYSRuntime.h */ = {isa = PBXFileReference; lastKnownFileType = sourcecode.c.h; path = MYSRuntime.h; sourceTree = "<group>"; };
		C230F160182557B200463B0A /* MYSRuntimeTests.xctest */ = {isa = PBXFileReference; explicitFileType = wrapper.cfbundle; includeInIndex = 0; path = MYSRuntimeTests.xctest; sourceTree = BUILT_PRODUCTS_DIR; };
		C230F161182557B200463B0A /* XCTest.framework */ = {isa = PBXFileReference; lastKnownFileType = wrapper.framework; name = XCTest.framework; path = Library/Frameworks/XCTest.framework; sourceTree = DEVELOPER_DIR; };
		C230F16B182557B300463B0A /* MYSRuntimeTests-Info.plist */ = {isa = PBXFileReference; lastKnownFileType = text.plist.xml; path = "MYSRuntimeTests-Info.plist"; sourceTree = "<group>"; };
		C230F16D182557B300463B0A /* en */ = {isa = PBXFileReference; lastKnownFileType = text.plist.strings; name = en; path = en.lproj/InfoPlist.strings; sourceTree = "<group>"; };
		C230F179182557C000463B0A /* MYSClass.h */ = {isa = PBXFileReference; fileEncoding = 4; lastKnownFileType = sourcecode.c.h; path = MYSClass.h; sourceTree = "<group>"; };
		C230F17A182557C000463B0A /* MYSClass.m */ = {isa = PBXFileReference; fileEncoding = 4; lastKnownFileType = sourcecode.c.objc; path = MYSClass.m; sourceTree = "<group>"; };
		C230F17B182557C000463B0A /* MYSProperty.h */ = {isa = PBXFileReference; fileEncoding = 4; lastKnownFileType = sourcecode.c.h; path = MYSProperty.h; sourceTree = "<group>"; };
		C230F17C182557C000463B0A /* MYSProperty.m */ = {isa = PBXFileReference; fileEncoding = 4; lastKnownFileType = sourcecode.c.objc; path = MYSProperty.m; sourceTree = "<group>"; };
		C230F17F18255ACC00463B0A /* MYSMethod.h */ = {isa = PBXFileReference; fileEncoding = 4; lastKnownFileType = sourcecode.c.h; path = MYSMethod.h; sourceTree = "<group>"; };
		C230F18018255ACC00463B0A /* MYSMethod.m */ = {isa = PBXFileReference; fileEncoding = 4; lastKnownFileType = sourcecode.c.objc; path = MYSMethod.m; sourceTree = "<group>"; };
		C255E52A18333920000591C4 /* MYSIvarTests.m */ = {isa = PBXFileReference; fileEncoding = 4; lastKnownFileType = sourcecode.c.objc; path = MYSIvarTests.m; sourceTree = "<group>"; };
		C255E52C18333C8F000591C4 /* MYSTypeTests.m */ = {isa = PBXFileReference; fileEncoding = 4; lastKnownFileType = sourcecode.c.objc; path = MYSTypeTests.m; sourceTree = "<group>"; };
		C25DF80B18258AB10020D4C5 /* MYSPrivate.h */ = {isa = PBXFileReference; fileEncoding = 4; lastKnownFileType = sourcecode.c.h; path = MYSPrivate.h; sourceTree = "<group>"; };
		C25DF80F182592930020D4C5 /* MYSPropertyTests.m */ = {isa = PBXFileReference; fileEncoding = 4; lastKnownFileType = sourcecode.c.objc; path = MYSPropertyTests.m; sourceTree = "<group>"; };
		C25DF8121825C9D20020D4C5 /* CTBlockDescription.h */ = {isa = PBXFileReference; fileEncoding = 4; lastKnownFileType = sourcecode.c.h; path = CTBlockDescription.h; sourceTree = "<group>"; };
		C25DF8131825C9D20020D4C5 /* CTBlockDescription.m */ = {isa = PBXFileReference; fileEncoding = 4; lastKnownFileType = sourcecode.c.objc; path = CTBlockDescription.m; sourceTree = "<group>"; };
		C25DF8151825CCDE0020D4C5 /* MYSClassTests.m */ = {isa = PBXFileReference; fileEncoding = 4; lastKnownFileType = sourcecode.c.objc; path = MYSClassTests.m; sourceTree = "<group>"; };
		C26CCF331833189D0010C535 /* MYSIvar.h */ = {isa = PBXFileReference; fileEncoding = 4; lastKnownFileType = sourcecode.c.h; path = MYSIvar.h; sourceTree = "<group>"; };
		C26CCF341833189D0010C535 /* MYSIvar.m */ = {isa = PBXFileReference; fileEncoding = 4; lastKnownFileType = sourcecode.c.objc; path = MYSIvar.m; sourceTree = "<group>"; };
		C26CCF36183320DA0010C535 /* MYSType.h */ = {isa = PBXFileReference; fileEncoding = 4; lastKnownFileType = sourcecode.c.h; path = MYSType.h; sourceTree = "<group>"; };
		C26CCF37183320DA0010C535 /* MYSType.m */ = {isa = PBXFileReference; fileEncoding = 4; lastKnownFileType = sourcecode.c.objc; path = MYSType.m; sourceTree = "<group>"; };
/* End PBXFileReference section */

/* Begin PBXFrameworksBuildPhase section */
		C230F14D182557B200463B0A /* Frameworks */ = {
			isa = PBXFrameworksBuildPhase;
			buildActionMask = 2147483647;
			files = (
				C230F154182557B200463B0A /* Foundation.framework in Frameworks */,
			);
			runOnlyForDeploymentPostprocessing = 0;
		};
		C230F15D182557B200463B0A /* Frameworks */ = {
			isa = PBXFrameworksBuildPhase;
			buildActionMask = 2147483647;
			files = (
				C230F162182557B200463B0A /* XCTest.framework in Frameworks */,
				C230F168182557B300463B0A /* libMYSRuntime.a in Frameworks */,
				C230F163182557B300463B0A /* Foundation.framework in Frameworks */,
			);
			runOnlyForDeploymentPostprocessing = 0;
		};
/* End PBXFrameworksBuildPhase section */

/* Begin PBXGroup section */
		C21DC7901825CD510051F8DB /* Test Class */ = {
			isa = PBXGroup;
			children = (
				C21DC78D1825CD4A0051F8DB /* MYSTestClass.h */,
				C21DC78E1825CD4A0051F8DB /* MYSTestClass.m */,
			);
			name = "Test Class";
			sourceTree = "<group>";
		};
		C230F147182557B200463B0A = {
			isa = PBXGroup;
			children = (
				C230F155182557B200463B0A /* MYSRuntime */,
				C230F169182557B300463B0A /* MYSRuntimeTests */,
				C230F152182557B200463B0A /* Frameworks */,
				C230F151182557B200463B0A /* Products */,
			);
			sourceTree = "<group>";
		};
		C230F151182557B200463B0A /* Products */ = {
			isa = PBXGroup;
			children = (
				C230F150182557B200463B0A /* libMYSRuntime.a */,
				C230F160182557B200463B0A /* MYSRuntimeTests.xctest */,
			);
			name = Products;
			sourceTree = "<group>";
		};
		C230F152182557B200463B0A /* Frameworks */ = {
			isa = PBXGroup;
			children = (
				C230F153182557B200463B0A /* Foundation.framework */,
				C230F161182557B200463B0A /* XCTest.framework */,
			);
			name = Frameworks;
			sourceTree = "<group>";
		};
		C230F155182557B200463B0A /* MYSRuntime */ = {
			isa = PBXGroup;
			children = (
				C230F158182557B200463B0A /* MYSRuntime.h */,
				C230F179182557C000463B0A /* MYSClass.h */,
				C230F17A182557C000463B0A /* MYSClass.m */,
				C230F17B182557C000463B0A /* MYSProperty.h */,
				C230F17C182557C000463B0A /* MYSProperty.m */,
				C26CCF331833189D0010C535 /* MYSIvar.h */,
				C26CCF341833189D0010C535 /* MYSIvar.m */,
				C230F17F18255ACC00463B0A /* MYSMethod.h */,
				C230F18018255ACC00463B0A /* MYSMethod.m */,
				C26CCF36183320DA0010C535 /* MYSType.h */,
				C26CCF37183320DA0010C535 /* MYSType.m */,
				C25DF80B18258AB10020D4C5 /* MYSPrivate.h */,
				C25DF8111825C9BB0020D4C5 /* Vendor */,
				C230F156182557B200463B0A /* Supporting Files */,
			);
			path = MYSRuntime;
			sourceTree = "<group>";
		};
		C230F156182557B200463B0A /* Supporting Files */ = {
			isa = PBXGroup;
			children = (
				C230F157182557B200463B0A /* MYSRuntime-Prefix.pch */,
			);
			name = "Supporting Files";
			sourceTree = "<group>";
		};
		C230F169182557B300463B0A /* MYSRuntimeTests */ = {
			isa = PBXGroup;
			children = (
				C25DF8151825CCDE0020D4C5 /* MYSClassTests.m */,
				C25DF80F182592930020D4C5 /* MYSPropertyTests.m */,
				C255E52A18333920000591C4 /* MYSIvarTests.m */,
				C255E52C18333C8F000591C4 /* MYSTypeTests.m */,
				C21DC7901825CD510051F8DB /* Test Class */,
				C230F16A182557B300463B0A /* Supporting Files */,
			);
			path = MYSRuntimeTests;
			sourceTree = "<group>";
		};
		C230F16A182557B300463B0A /* Supporting Files */ = {
			isa = PBXGroup;
			children = (
				C230F16B182557B300463B0A /* MYSRuntimeTests-Info.plist */,
				C230F16C182557B300463B0A /* InfoPlist.strings */,
			);
			name = "Supporting Files";
			sourceTree = "<group>";
		};
		C25DF8111825C9BB0020D4C5 /* Vendor */ = {
			isa = PBXGroup;
			children = (
				C25DF8121825C9D20020D4C5 /* CTBlockDescription.h */,
				C25DF8131825C9D20020D4C5 /* CTBlockDescription.m */,
			);
			name = Vendor;
			sourceTree = "<group>";
		};
/* End PBXGroup section */

/* Begin PBXNativeTarget section */
		C230F14F182557B200463B0A /* MYSRuntime */ = {
			isa = PBXNativeTarget;
			buildConfigurationList = C230F173182557B300463B0A /* Build configuration list for PBXNativeTarget "MYSRuntime" */;
			buildPhases = (
				C230F14C182557B200463B0A /* Sources */,
				C230F14D182557B200463B0A /* Frameworks */,
				C230F14E182557B200463B0A /* CopyFiles */,
			);
			buildRules = (
			);
			dependencies = (
			);
			name = MYSRuntime;
			productName = MYSRuntime;
			productReference = C230F150182557B200463B0A /* libMYSRuntime.a */;
			productType = "com.apple.product-type.library.static";
		};
		C230F15F182557B200463B0A /* MYSRuntimeTests */ = {
			isa = PBXNativeTarget;
			buildConfigurationList = C230F176182557B300463B0A /* Build configuration list for PBXNativeTarget "MYSRuntimeTests" */;
			buildPhases = (
				C230F15C182557B200463B0A /* Sources */,
				C230F15D182557B200463B0A /* Frameworks */,
				C230F15E182557B200463B0A /* Resources */,
			);
			buildRules = (
			);
			dependencies = (
				C230F167182557B300463B0A /* PBXTargetDependency */,
			);
			name = MYSRuntimeTests;
			productName = MYSRuntimeTests;
			productReference = C230F160182557B200463B0A /* MYSRuntimeTests.xctest */;
			productType = "com.apple.product-type.bundle.unit-test";
		};
/* End PBXNativeTarget section */

/* Begin PBXProject section */
		C230F148182557B200463B0A /* Project object */ = {
			isa = PBXProject;
			attributes = {
				LastUpgradeCheck = 0500;
				ORGANIZATIONNAME = "Mysterious Trousers";
			};
			buildConfigurationList = C230F14B182557B200463B0A /* Build configuration list for PBXProject "MYSRuntime" */;
			compatibilityVersion = "Xcode 3.2";
			developmentRegion = English;
			hasScannedForEncodings = 0;
			knownRegions = (
				en,
			);
			mainGroup = C230F147182557B200463B0A;
			productRefGroup = C230F151182557B200463B0A /* Products */;
			projectDirPath = "";
			projectRoot = "";
			targets = (
				C230F14F182557B200463B0A /* MYSRuntime */,
				C230F15F182557B200463B0A /* MYSRuntimeTests */,
			);
		};
/* End PBXProject section */

/* Begin PBXResourcesBuildPhase section */
		C230F15E182557B200463B0A /* Resources */ = {
			isa = PBXResourcesBuildPhase;
			buildActionMask = 2147483647;
			files = (
				C230F16E182557B300463B0A /* InfoPlist.strings in Resources */,
			);
			runOnlyForDeploymentPostprocessing = 0;
		};
/* End PBXResourcesBuildPhase section */

/* Begin PBXSourcesBuildPhase section */
		C230F14C182557B200463B0A /* Sources */ = {
			isa = PBXSourcesBuildPhase;
			buildActionMask = 2147483647;
			files = (
				C230F18118255ACC00463B0A /* MYSMethod.m in Sources */,
				C26CCF38183320DA0010C535 /* MYSType.m in Sources */,
				C25DF8141825C9D20020D4C5 /* CTBlockDescription.m in Sources */,
				C26CCF351833189D0010C535 /* MYSIvar.m in Sources */,
				C230F17E182557C000463B0A /* MYSProperty.m in Sources */,
				C230F17D182557C000463B0A /* MYSClass.m in Sources */,
			);
			runOnlyForDeploymentPostprocessing = 0;
		};
		C230F15C182557B200463B0A /* Sources */ = {
			isa = PBXSourcesBuildPhase;
			buildActionMask = 2147483647;
			files = (
				C25DF8161825CCDE0020D4C5 /* MYSClassTests.m in Sources */,
				C25DF810182592930020D4C5 /* MYSPropertyTests.m in Sources */,
				C255E52D18333C8F000591C4 /* MYSTypeTests.m in Sources */,
				C21DC78F1825CD4A0051F8DB /* MYSTestClass.m in Sources */,
				C255E52B18333920000591C4 /* MYSIvarTests.m in Sources */,
			);
			runOnlyForDeploymentPostprocessing = 0;
		};
/* End PBXSourcesBuildPhase section */

/* Begin PBXTargetDependency section */
		C230F167182557B300463B0A /* PBXTargetDependency */ = {
			isa = PBXTargetDependency;
			target = C230F14F182557B200463B0A /* MYSRuntime */;
			targetProxy = C230F166182557B300463B0A /* PBXContainerItemProxy */;
		};
/* End PBXTargetDependency section */

/* Begin PBXVariantGroup section */
		C230F16C182557B300463B0A /* InfoPlist.strings */ = {
			isa = PBXVariantGroup;
			children = (
				C230F16D182557B300463B0A /* en */,
			);
			name = InfoPlist.strings;
			sourceTree = "<group>";
		};
/* End PBXVariantGroup section */

/* Begin XCBuildConfiguration section */
		C230F171182557B300463B0A /* Debug */ = {
			isa = XCBuildConfiguration;
			buildSettings = {
				ALWAYS_SEARCH_USER_PATHS = NO;
				ARCHS = "$(ARCHS_STANDARD_64_BIT)";
				CLANG_CXX_LANGUAGE_STANDARD = "gnu++0x";
				CLANG_CXX_LIBRARY = "libc++";
				CLANG_ENABLE_MODULES = YES;
				CLANG_ENABLE_OBJC_ARC = YES;
				CLANG_WARN_BOOL_CONVERSION = YES;
				CLANG_WARN_CONSTANT_CONVERSION = YES;
				CLANG_WARN_DIRECT_OBJC_ISA_USAGE = YES_ERROR;
				CLANG_WARN_EMPTY_BODY = YES;
				CLANG_WARN_ENUM_CONVERSION = YES;
				CLANG_WARN_INT_CONVERSION = YES;
				CLANG_WARN_OBJC_ROOT_CLASS = YES_ERROR;
				CLANG_WARN__DUPLICATE_METHOD_MATCH = YES;
				COPY_PHASE_STRIP = NO;
				GCC_C_LANGUAGE_STANDARD = gnu99;
				GCC_DYNAMIC_NO_PIC = NO;
				GCC_OPTIMIZATION_LEVEL = 0;
				GCC_PREPROCESSOR_DEFINITIONS = (
					"DEBUG=1",
					"$(inherited)",
				);
				GCC_SYMBOLS_PRIVATE_EXTERN = NO;
				GCC_WARN_64_TO_32_BIT_CONVERSION = YES;
				GCC_WARN_ABOUT_RETURN_TYPE = YES_ERROR;
				GCC_WARN_UNDECLARED_SELECTOR = YES;
				GCC_WARN_UNINITIALIZED_AUTOS = YES;
				GCC_WARN_UNUSED_FUNCTION = YES;
				GCC_WARN_UNUSED_VARIABLE = YES;
				IPHONEOS_DEPLOYMENT_TARGET = 7.0;
				ONLY_ACTIVE_ARCH = YES;
				SDKROOT = macosx;
			};
			name = Debug;
		};
		C230F172182557B300463B0A /* Release */ = {
			isa = XCBuildConfiguration;
			buildSettings = {
				ALWAYS_SEARCH_USER_PATHS = NO;
				ARCHS = "$(ARCHS_STANDARD_64_BIT)";
				CLANG_CXX_LANGUAGE_STANDARD = "gnu++0x";
				CLANG_CXX_LIBRARY = "libc++";
				CLANG_ENABLE_MODULES = YES;
				CLANG_ENABLE_OBJC_ARC = YES;
				CLANG_WARN_BOOL_CONVERSION = YES;
				CLANG_WARN_CONSTANT_CONVERSION = YES;
				CLANG_WARN_DIRECT_OBJC_ISA_USAGE = YES_ERROR;
				CLANG_WARN_EMPTY_BODY = YES;
				CLANG_WARN_ENUM_CONVERSION = YES;
				CLANG_WARN_INT_CONVERSION = YES;
				CLANG_WARN_OBJC_ROOT_CLASS = YES_ERROR;
				CLANG_WARN__DUPLICATE_METHOD_MATCH = YES;
				COPY_PHASE_STRIP = YES;
				ENABLE_NS_ASSERTIONS = NO;
				GCC_C_LANGUAGE_STANDARD = gnu99;
				GCC_WARN_64_TO_32_BIT_CONVERSION = YES;
				GCC_WARN_ABOUT_RETURN_TYPE = YES_ERROR;
				GCC_WARN_UNDECLARED_SELECTOR = YES;
				GCC_WARN_UNINITIALIZED_AUTOS = YES;
				GCC_WARN_UNUSED_FUNCTION = YES;
				GCC_WARN_UNUSED_VARIABLE = YES;
				IPHONEOS_DEPLOYMENT_TARGET = 7.0;
				SDKROOT = macosx;
				VALIDATE_PRODUCT = YES;
			};
			name = Release;
		};
		C230F174182557B300463B0A /* Debug */ = {
			isa = XCBuildConfiguration;
			buildSettings = {
				DSTROOT = /tmp/MYSRuntime.dst;
				GCC_PRECOMPILE_PREFIX_HEADER = YES;
				GCC_PREFIX_HEADER = "MYSRuntime/MYSRuntime-Prefix.pch";
				OTHER_LDFLAGS = "-ObjC";
				PRODUCT_NAME = "$(TARGET_NAME)";
				SKIP_INSTALL = YES;
			};
			name = Debug;
		};
		C230F175182557B300463B0A /* Release */ = {
			isa = XCBuildConfiguration;
			buildSettings = {
				DSTROOT = /tmp/MYSRuntime.dst;
				GCC_PRECOMPILE_PREFIX_HEADER = YES;
				GCC_PREFIX_HEADER = "MYSRuntime/MYSRuntime-Prefix.pch";
				OTHER_LDFLAGS = "-ObjC";
				PRODUCT_NAME = "$(TARGET_NAME)";
				SKIP_INSTALL = YES;
			};
			name = Release;
		};
		C230F177182557B300463B0A /* Debug */ = {
			isa = XCBuildConfiguration;
			buildSettings = {
				FRAMEWORK_SEARCH_PATHS = (
					"$(SDKROOT)/Developer/Library/Frameworks",
					"$(inherited)",
					"$(DEVELOPER_FRAMEWORKS_DIR)",
				);
				GCC_PRECOMPILE_PREFIX_HEADER = YES;
				GCC_PREFIX_HEADER = "MYSRuntime/MYSRuntime-Prefix.pch";
				GCC_PREPROCESSOR_DEFINITIONS = (
					"DEBUG=1",
					"$(inherited)",
				);
				INFOPLIST_FILE = "MYSRuntimeTests/MYSRuntimeTests-Info.plist";
				PRODUCT_NAME = "$(TARGET_NAME)";
				WRAPPER_EXTENSION = xctest;
			};
			name = Debug;
		};
		C230F178182557B300463B0A /* Release */ = {
			isa = XCBuildConfiguration;
			buildSettings = {
				FRAMEWORK_SEARCH_PATHS = (
					"$(SDKROOT)/Developer/Library/Frameworks",
					"$(inherited)",
					"$(DEVELOPER_FRAMEWORKS_DIR)",
				);
				GCC_PRECOMPILE_PREFIX_HEADER = YES;
				GCC_PREFIX_HEADER = "MYSRuntime/MYSRuntime-Prefix.pch";
				INFOPLIST_FILE = "MYSRuntimeTests/MYSRuntimeTests-Info.plist";
				PRODUCT_NAME = "$(TARGET_NAME)";
				WRAPPER_EXTENSION = xctest;
			};
			name = Release;
		};
/* End XCBuildConfiguration section */

/* Begin XCConfigurationList section */
		C230F14B182557B200463B0A /* Build configuration list for PBXProject "MYSRuntime" */ = {
			isa = XCConfigurationList;
			buildConfigurations = (
				C230F171182557B300463B0A /* Debug */,
				C230F172182557B300463B0A /* Release */,
			);
			defaultConfigurationIsVisible = 0;
			defaultConfigurationName = Release;
		};
		C230F173182557B300463B0A /* Build configuration list for PBXNativeTarget "MYSRuntime" */ = {
			isa = XCConfigurationList;
			buildConfigurations = (
				C230F174182557B300463B0A /* Debug */,
				C230F175182557B300463B0A /* Release */,
			);
			defaultConfigurationIsVisible = 0;
			defaultConfigurationName = Release;
		};
		C230F176182557B300463B0A /* Build configuration list for PBXNativeTarget "MYSRuntimeTests" */ = {
			isa = XCConfigurationList;
			buildConfigurations = (
				C230F177182557B300463B0A /* Debug */,
				C230F178182557B300463B0A /* Release */,
			);
			defaultConfigurationIsVisible = 0;
			defaultConfigurationName = Release;
		};
/* End XCConfigurationList section */
	};
	rootObject = C230F148182557B200463B0A /* Project object */;
}
